{
  "nodes": {
    "brew-src": {
      "flake": false,
      "locked": {
        "lastModified": 1779646357,
        "narHash": "sha256-rnnAaESXxItX4D9xCMGvs3hfDBjbbTYht7OluRcvT8k=",
        "owner": "Homebrew",
        "repo": "brew",
        "rev": "10a163ac127624caa80cc5cc5a705e97f3615b0e",
        "type": "github"
      },
      "original": {
        "owner": "Homebrew",
        "ref": "5.1.14",
        "repo": "brew",
        "type": "github"
      }
    },
    "homebrew-cask": {
      "flake": false,
      "locked": {
        "lastModified": 1780932570,
        "narHash": "sha256-/BDbNFcHjFuVqL7jBfktTMXrcdNnqWi9/sLToaQooLA=",
        "owner": "homebrew",
        "repo": "homebrew-cask",
        "rev": "20c78204664c908d259ad39c8e32813698854020",
        "type": "github"
      },
      "original": {
        "owner": "homebrew",
        "repo": "homebrew-cask",
        "type": "github"
      }
    },
    "homebrew-core": {
      "flake": false,
      "locked": {
        "lastModified": 1780930968,
        "narHash": "sha256-+2IUHb7j+N4OnbEGkIkc1iPfNjBHibfU+Z+4lFhbufE=",
        "owner": "homebrew",
        "repo": "homebrew-core",
        "rev": "7e16f6d4ca998ce2b7ee39b3b6b9e93e28c26d5c",
        "type": "github"
      },
      "original": {
        "owner": "homebrew",
        "repo": "homebrew-core",
        "type": "github"
      }
    },
    "nix-darwin": {
      "inputs": {
        "nixpkgs": [
          "nixpkgs"
        ]
      },
      "locked": {
        "lastModified": 1780789116,
        "narHash": "sha256-+/LcDMJGYQVLp3ECZ1jBhj3GcQU+Yt+OTsDsQFz8cMs=",
        "owner": "LnL7",
        "repo": "nix-darwin",
        "rev": "731951a251ca96cbd12a8e1bde63737e21947644",
        "type": "github"
      },
      "original": {
        "owner": "LnL7",
        "ref": "nix-darwin-26.05",
        "repo": "nix-darwin",
        "type": "github"
      }
    },
    "nix-homebrew": {
      "inputs": {
        "brew-src": "brew-src"
      },
      "locked": {
        "lastModified": 1780492467,
        "narHash": "sha256-zMEJwtQPmsPPgPczFkyjWHgd1z0HagOPS2Wt2WDYLJY=",
        "owner": "zhaofengli",
        "repo": "nix-homebrew",
        "rev": "562332f97de9f5ba51aa647d70462e88222b2988",
        "type": "github"
      },
      "original": {
        "owner": "zhaofengli",
        "repo": "nix-homebrew",
        "type": "github"
      }
    },
    "nixpkgs": {
      "locked": {
        "lastModified": 1780773863,
        "narHash": "sha256-t0AXyb11HJHwyRkCed8y15unmgwVlbgcIEVdV1XxYvA=",
        "owner": "NixOS",
        "repo": "nixpkgs",
        "rev": "20872773637de0b44f7ac04cde2098db1286e6d5",
        "type": "github"
      },
      "original": {
        "owner": "NixOS",
        "ref": "nixpkgs-26.05-darwin",
        "repo": "nixpkgs",
        "type": "github"
      }
    },
    "nixpkgs-unstable": {
      "locked": {
        "lastModified": 1780747962,
        "narHash": "sha256-IX7G1dlKrOqPOImfbo7ADDfV5yU1+j+MRChI3TL4tAA=",
        "owner": "NixOS",
        "repo": "nixpkgs",
        "rev": "cbb5cf358f50aa6acc9efd6113b7bcfbc352cd73",
        "type": "github"
      },
      "original": {
        "owner": "NixOS",
        "ref": "nixpkgs-unstable",
        "repo": "nixpkgs",
        "type": "github"
      }
    },
    "root": {
      "inputs": {
        "homebrew-cask": "homebrew-cask",
        "homebrew-core": "homebrew-core",
        "nix-darwin": "nix-darwin",
        "nix-homebrew": "nix-homebrew",
        "nixpkgs": "nixpkgs",
        "nixpkgs-unstable": "nixpkgs-unstable"
      }
    }
  },
  "root": "root",
  "version": 7
}
